
Microsoft Visual Studio Solution File, Format Version 12.00
Project("{FAE04EC0-301F-11D3-BF4B-00C04F79EFBC}") = "ldwidg.GameUnitConverter", "ldwidg.GameUnitConverter\ldwidg.GameUnitConverter.csproj", "{EA3C6055-A420-43A6-B147-C020C524200B}"
EndProject
Project("{FAE04EC0-301F-11D3-BF4B-00C04F79EFBC}") = "ldwidg.GameUnitConverter.Domain", "ldwidg.GameUnitConverter.Domain\ldwidg.GameUnitConverter.Domain.csproj", "{9E86CD21-4EA5-4923-906D-4C85C2CA0492}"
EndProject
Project("{FAE04EC0-301F-11D3-BF4B-00C04F79EFBC}") = "ldwidg.GameUnitConverter.Converter", "ldwidg.GameUnitConverter.Converter\ldwidg.GameUnitConverter.Converter.csproj", "{D53819B5-A6FD-4B7F-88C8-22527E921379}"
EndProject
Global
	GlobalSection(SolutionConfigurationPlatforms) = preSolution
		Debug|Any CPU = Debug|Any CPU
		Release|Any CPU = Release|Any CPU
	EndGlobalSection
	GlobalSection(ProjectConfigurationPlatforms) = postSolution
		{EA3C6055-A420-43A6-B147-C020C524200B}.Debug|Any CPU.ActiveCfg = Debug|Any CPU
		{EA3C6055-A420-43A6-B147-C020C524200B}.Debug|Any CPU.Build.0 = Debug|Any CPU
		{EA3C6055-A420-43A6-B147-C020C524200B}.Release|Any CPU.ActiveCfg = Release|Any CPU
		{EA3C6055-A420-43A6-B147-C020C524200B}.Release|Any CPU.Build.0 = Release|Any CPU
		{9E86CD21-4EA5-4923-906D-4C85C2CA0492}.Debug|Any CPU.ActiveCfg = Debug|Any CPU
		{9E86CD21-4EA5-4923-906D-4C85C2CA0492}.Debug|Any CPU.Build.0 = Debug|Any CPU
		{9E86CD21-4EA5-4923-906D-4C85C2CA0492}.Release|Any CPU.ActiveCfg = Release|Any CPU
		{9E86CD21-4EA5-4923-906D-4C85C2CA0492}.Release|Any CPU.Build.0 = Release|Any CPU
		{D53819B5-A6FD-4B7F-88C8-22527E921379}.Debug|Any CPU.ActiveCfg = Debug|Any CPU
		{D53819B5-A6FD-4B7F-88C8-22527E921379}.Debug|Any CPU.Build.0 = Debug|Any CPU
		{D53819B5-A6FD-4B7F-88C8-22527E921379}.Release|Any CPU.ActiveCfg = Release|Any CPU
		{D53819B5-A6FD-4B7F-88C8-22527E921379}.Release|Any CPU.Build.0 = Release|Any CPU
	EndGlobalSection
EndGlobal
